
Microsoft Visual Studio Solution File, Format Version 12.00
# Visual Studio Version 16
VisualStudioVersion = 16.0.31205.134
MinimumVisualStudioVersion = 10.0.40219.1
Project("{8BC9CEB8-8B4A-11D0-8D11-00A0C91BC942}") = "REDLLInjection", "REDLLInjection\REDLLInjection.vcxproj", "{92D13A9B-4BA4-450E-B39C-73A51C1D7866}"
EndProject
Project("{8BC9CEB8-8B4A-11D0-8D11-00A0C91BC942}") = "SimpleApp", "SimpleApp\SimpleApp.vcxproj", "{FF534D20-96F7-4BFF-B9EF-6A70BBD43EEA}"
EndProject
Project("{8BC9CEB8-8B4A-11D0-8D11-00A0C91BC942}") = "Injector", "Injector\Injector.vcxproj", "{0E9BB8E7-F70D-44E9-A926-55CEEF2B9219}"
EndProject
Project("{8BC9CEB8-8B4A-11D0-8D11-00A0C91BC942}") = "PEParser", "PEParser\PEParser.vcxproj", "{D0D6EE4E-3543-41A2-B861-8257A801C417}"
EndProject
Project("{8BC9CEB8-8B4A-11D0-8D11-00A0C91BC942}") = "PELoader", "PELoader\PELoader.vcxproj", "{B2A60209-7A29-4239-B08F-ED57F1036764}"
EndProject
Project("{8BC9CEB8-8B4A-11D0-8D11-00A0C91BC942}") = "PELoaderGood", "PELoaderGood\PELoaderGood.vcxproj", "{8680F96D-1BE1-4017-BA82-6FE18C7BCA1C}"
EndProject
Project("{8BC9CEB8-8B4A-11D0-8D11-00A0C91BC942}") = "Injector64", "Injector64\Injector64.vcxproj", "{41FAAA20-AE67-4EFF-979F-E7CEB6F59AEC}"
EndProject
Project("{8BC9CEB8-8B4A-11D0-8D11-00A0C91BC942}") = "DllInjection", "DllInjection\DllInjection.vcxproj", "{CCA0302F-13FC-4340-82B1-703713208632}"
EndProject
Global
	GlobalSection(SolutionConfigurationPlatforms) = preSolution
		Debug|x64 = Debug|x64
		Debug|x86 = Debug|x86
		Release|x64 = Release|x64
		Release|x86 = Release|x86
	EndGlobalSection
	GlobalSection(ProjectConfigurationPlatforms) = postSolution
		{92D13A9B-4BA4-450E-B39C-73A51C1D7866}.Debug|x64.ActiveCfg = Debug|x64
		{92D13A9B-4BA4-450E-B39C-73A51C1D7866}.Debug|x64.Build.0 = Debug|x64
		{92D13A9B-4BA4-450E-B39C-73A51C1D7866}.Debug|x86.ActiveCfg = Debug|Win32
		{92D13A9B-4BA4-450E-B39C-73A51C1D7866}.Debug|x86.Build.0 = Debug|Win32
		{92D13A9B-4BA4-450E-B39C-73A51C1D7866}.Release|x64.ActiveCfg = Release|x64
		{92D13A9B-4BA4-450E-B39C-73A51C1D7866}.Release|x64.Build.0 = Release|x64
		{92D13A9B-4BA4-450E-B39C-73A51C1D7866}.Release|x86.ActiveCfg = Release|Win32
		{92D13A9B-4BA4-450E-B39C-73A51C1D7866}.Release|x86.Build.0 = Release|Win32
		{FF534D20-96F7-4BFF-B9EF-6A70BBD43EEA}.Debug|x64.ActiveCfg = Debug|x64
		{FF534D20-96F7-4BFF-B9EF-6A70BBD43EEA}.Debug|x64.Build.0 = Debug|x64
		{FF534D20-96F7-4BFF-B9EF-6A70BBD43EEA}.Debug|x86.ActiveCfg = Debug|Win32
		{FF534D20-96F7-4BFF-B9EF-6A70BBD43EEA}.Debug|x86.Build.0 = Debug|Win32
		{FF534D20-96F7-4BFF-B9EF-6A70BBD43EEA}.Release|x64.ActiveCfg = Release|x64
		{FF534D20-96F7-4BFF-B9EF-6A70BBD43EEA}.Release|x64.Build.0 = Release|x64
		{FF534D20-96F7-4BFF-B9EF-6A70BBD43EEA}.Release|x86.ActiveCfg = Release|Win32
		{FF534D20-96F7-4BFF-B9EF-6A70BBD43EEA}.Release|x86.Build.0 = Release|Win32
		{0E9BB8E7-F70D-44E9-A926-55CEEF2B9219}.Debug|x64.ActiveCfg = Debug|x64
		{0E9BB8E7-F70D-44E9-A926-55CEEF2B9219}.Debug|x64.Build.0 = Debug|x64
		{0E9BB8E7-F70D-44E9-A926-55CEEF2B9219}.Debug|x86.ActiveCfg = Debug|Win32
		{0E9BB8E7-F70D-44E9-A926-55CEEF2B9219}.Debug|x86.Build.0 = Debug|Win32
		{0E9BB8E7-F70D-44E9-A926-55CEEF2B9219}.Release|x64.ActiveCfg = Release|x64
		{0E9BB8E7-F70D-44E9-A926-55CEEF2B9219}.Release|x64.Build.0 = Release|x64
		{0E9BB8E7-F70D-44E9-A926-55CEEF2B9219}.Release|x86.ActiveCfg = Release|Win32
		{0E9BB8E7-F70D-44E9-A926-55CEEF2B9219}.Release|x86.Build.0 = Release|Win32
		{D0D6EE4E-3543-41A2-B861-8257A801C417}.Debug|x64.ActiveCfg = Debug|x64
		{D0D6EE4E-3543-41A2-B861-8257A801C417}.Debug|x64.Build.0 = Debug|x64
		{D0D6EE4E-3543-41A2-B861-8257A801C417}.Debug|x86.ActiveCfg = Debug|Win32
		{D0D6EE4E-3543-41A2-B861-8257A801C417}.Debug|x86.Build.0 = Debug|Win32
		{D0D6EE4E-3543-41A2-B861-8257A801C417}.Release|x64.ActiveCfg = Release|x64
		{D0D6EE4E-3543-41A2-B861-8257A801C417}.Release|x64.Build.0 = Release|x64
		{D0D6EE4E-3543-41A2-B861-8257A801C417}.Release|x86.ActiveCfg = Release|Win32
		{D0D6EE4E-3543-41A2-B861-8257A801C417}.Release|x86.Build.0 = Release|Win32
		{B2A60209-7A29-4239-B08F-ED57F1036764}.Debug|x64.ActiveCfg = Debug|x64
		{B2A60209-7A29-4239-B08F-ED57F1036764}.Debug|x64.Build.0 = Debug|x64
		{B2A60209-7A29-4239-B08F-ED57F1036764}.Debug|x86.ActiveCfg = Debug|Win32
		{B2A60209-7A29-4239-B08F-ED57F1036764}.Debug|x86.Build.0 = Debug|Win32
		{B2A60209-7A29-4239-B08F-ED57F1036764}.Release|x64.ActiveCfg = Release|x64
		{B2A60209-7A29-4239-B08F-ED57F1036764}.Release|x64.Build.0 = Release|x64
		{B2A60209-7A29-4239-B08F-ED57F1036764}.Release|x86.ActiveCfg = Release|Win32
		{B2A60209-7A29-4239-B08F-ED57F1036764}.Release|x86.Build.0 = Release|Win32
		{8680F96D-1BE1-4017-BA82-6FE18C7BCA1C}.Debug|x64.ActiveCfg = Debug|x64
		{8680F96D-1BE1-4017-BA82-6FE18C7BCA1C}.Debug|x64.Build.0 = Debug|x64
		{8680F96D-1BE1-4017-BA82-6FE18C7BCA1C}.Debug|x86.ActiveCfg = Debug|Win32
		{8680F96D-1BE1-4017-BA82-6FE18C7BCA1C}.Debug|x86.Build.0 = Debug|Win32
		{8680F96D-1BE1-4017-BA82-6FE18C7BCA1C}.Release|x64.ActiveCfg = Release|x64
		{8680F96D-1BE1-4017-BA82-6FE18C7BCA1C}.Release|x64.Build.0 = Release|x64
		{8680F96D-1BE1-4017-BA82-6FE18C7BCA1C}.Release|x86.ActiveCfg = Release|Win32
		{8680F96D-1BE1-4017-BA82-6FE18C7BCA1C}.Release|x86.Build.0 = Release|Win32
		{41FAAA20-AE67-4EFF-979F-E7CEB6F59AEC}.Debug|x64.ActiveCfg = Debug|x64
		{41FAAA20-AE67-4EFF-979F-E7CEB6F59AEC}.Debug|x64.Build.0 = Debug|x64
		{41FAAA20-AE67-4EFF-979F-E7CEB6F59AEC}.Debug|x86.ActiveCfg = Debug|Win32
		{41FAAA20-AE67-4EFF-979F-E7CEB6F59AEC}.Debug|x86.Build.0 = Debug|Win32
		{41FAAA20-AE67-4EFF-979F-E7CEB6F59AEC}.Release|x64.ActiveCfg = Release|x64
		{41FAAA20-AE67-4EFF-979F-E7CEB6F59AEC}.Release|x64.Build.0 = Release|x64
		{41FAAA20-AE67-4EFF-979F-E7CEB6F59AEC}.Release|x86.ActiveCfg = Release|Win32
		{41FAAA20-AE67-4EFF-979F-E7CEB6F59AEC}.Release|x86.Build.0 = Release|Win32
		{CCA0302F-13FC-4340-82B1-703713208632}.Debug|x64.ActiveCfg = Debug|x64
		{CCA0302F-13FC-4340-82B1-703713208632}.Debug|x64.Build.0 = Debug|x64
		{CCA0302F-13FC-4340-82B1-703713208632}.Debug|x86.ActiveCfg = Debug|Win32
		{CCA0302F-13FC-4340-82B1-703713208632}.Debug|x86.Build.0 = Debug|Win32
		{CCA0302F-13FC-4340-82B1-703713208632}.Release|x64.ActiveCfg = Release|x64
		{CCA0302F-13FC-4340-82B1-703713208632}.Release|x64.Build.0 = Release|x64
		{CCA0302F-13FC-4340-82B1-703713208632}.Release|x86.ActiveCfg = Release|Win32
		{CCA0302F-13FC-4340-82B1-703713208632}.Release|x86.Build.0 = Release|Win32
	EndGlobalSection
	GlobalSection(SolutionProperties) = preSolution
		HideSolutionNode = FALSE
	EndGlobalSection
	GlobalSection(ExtensibilityGlobals) = postSolution
		SolutionGuid = {A41DA0F6-9603-43C8-BF65-7C8AE44AB885}
	EndGlobalSection
EndGlobal
